
Microsoft Visual Studio Solution File, Format Version 12.00
# Visual Studio Version 17
VisualStudioVersion = 17.3.32804.467
MinimumVisualStudioVersion = 10.0.40219.1
Project("{FAE04EC0-301F-11D3-BF4B-00C04F79EFBC}") = "PetServices_MVC", "PetServices_MVC\PetServices_MVC.csproj", "{33C3CDB7-0577-43AE-85ED-F336C42B7AE6}"
EndProject
Project("{FAE04EC0-301F-11D3-BF4B-00C04F79EFBC}") = "PetServices_MVC.Data", "PetServices_MVC.Data\PetServices_MVC.Data.csproj", "{39832C99-BC36-4F11-BA88-C0FBDC2D219A}"
EndProject
Project("{FAE04EC0-301F-11D3-BF4B-00C04F79EFBC}") = "PetServices_MVC.Models", "PetServices_MVC.Models\PetServices_MVC.Models.csproj", "{C760EB0C-589A-44B6-BE7B-A0081316BF99}"
EndProject
Project("{FAE04EC0-301F-11D3-BF4B-00C04F79EFBC}") = "PetServices_MVC.Services", "PetServices_MVC.Services\PetServices_MVC.Services.csproj", "{AE7071AD-3F24-41D1-88FE-A396E8C3FC39}"
EndProject
Global
	GlobalSection(SolutionConfigurationPlatforms) = preSolution
		Debug|Any CPU = Debug|Any CPU
		Release|Any CPU = Release|Any CPU
	EndGlobalSection
	GlobalSection(ProjectConfigurationPlatforms) = postSolution
		{33C3CDB7-0577-43AE-85ED-F336C42B7AE6}.Debug|Any CPU.ActiveCfg = Debug|Any CPU
		{33C3CDB7-0577-43AE-85ED-F336C42B7AE6}.Debug|Any CPU.Build.0 = Debug|Any CPU
		{33C3CDB7-0577-43AE-85ED-F336C42B7AE6}.Release|Any CPU.ActiveCfg = Release|Any CPU
		{33C3CDB7-0577-43AE-85ED-F336C42B7AE6}.Release|Any CPU.Build.0 = Release|Any CPU
		{39832C99-BC36-4F11-BA88-C0FBDC2D219A}.Debug|Any CPU.ActiveCfg = Debug|Any CPU
		{39832C99-BC36-4F11-BA88-C0FBDC2D219A}.Debug|Any CPU.Build.0 = Debug|Any CPU
		{39832C99-BC36-4F11-BA88-C0FBDC2D219A}.Release|Any CPU.ActiveCfg = Release|Any CPU
		{39832C99-BC36-4F11-BA88-C0FBDC2D219A}.Release|Any CPU.Build.0 = Release|Any CPU
		{C760EB0C-589A-44B6-BE7B-A0081316BF99}.Debug|Any CPU.ActiveCfg = Debug|Any CPU
		{C760EB0C-589A-44B6-BE7B-A0081316BF99}.Debug|Any CPU.Build.0 = Debug|Any CPU
		{C760EB0C-589A-44B6-BE7B-A0081316BF99}.Release|Any CPU.ActiveCfg = Release|Any CPU
		{C760EB0C-589A-44B6-BE7B-A0081316BF99}.Release|Any CPU.Build.0 = Release|Any CPU
		{AE7071AD-3F24-41D1-88FE-A396E8C3FC39}.Debug|Any CPU.ActiveCfg = Debug|Any CPU
		{AE7071AD-3F24-41D1-88FE-A396E8C3FC39}.Debug|Any CPU.Build.0 = Debug|Any CPU
		{AE7071AD-3F24-41D1-88FE-A396E8C3FC39}.Release|Any CPU.ActiveCfg = Release|Any CPU
		{AE7071AD-3F24-41D1-88FE-A396E8C3FC39}.Release|Any CPU.Build.0 = Release|Any CPU
	EndGlobalSection
	GlobalSection(SolutionProperties) = preSolution
		HideSolutionNode = FALSE
	EndGlobalSection
	GlobalSection(ExtensibilityGlobals) = postSolution
		SolutionGuid = {7EF0E8AE-5C7B-4127-88E7-DB2DBE2B5DCE}
	EndGlobalSection
EndGlobal
